<?xml version="1.0" encoding="utf-8"?>
<Project ToolsVersion="4.0" xmlns="http://schemas.microsoft.com/developer/msbuild/2003">
  <ItemGroup>
    <Filter Include="src">
      <UniqueIdentifier>{33000fb3-9dda-45d5-b54e-56c9a4e9e227}</UniqueIdentifier>
    </Filter>
    <Filter Include="inc">
      <UniqueIdentifier>{8c7179da-146f-44f8-a9d7-de708d2b5e27}</UniqueIdentifier>
    </Filter>
    <Filter Include="asm">
      <UniqueIdentifier>{0b9d298c-4968-44aa-a766-c5dc187469e2}</UniqueIdentifier>
    </Filter>
  </ItemGroup>
  <ItemGroup>
    <ClInclude Include="asm.h">
      <Filter>inc</Filter>
    </ClInclude>
    <ClInclude Include="coroutine.h">
      <Filter>inc</Filter>
    </ClInclude>
  </ItemGroup>
  <ItemGroup>
    <None Include="JumpContext.asm">
      <Filter>asm</Filter>
    </None>
    <None Include="MakeContext.asm">
      <Filter>asm</Filter>
    </None>
  </ItemGroup>
  <ItemGroup>
    <ClCompile Include="coroutine.cpp">
      <Filter>src</Filter>
    </ClCompile>
    <ClCompile Include="main.cpp">
      <Filter>src</Filter>
    </ClCompile>
  </ItemGroup>
</Project>